{
  "version": "1.0.0",
  "lockfileVersion": 1,
  "requires": true,
  "dependencies": {
    "@tbmp/mp-cloud-sdk": {
      "version": "1.4.1",
      "resolved": "https://registry.npm.taobao.org/@tbmp/mp-cloud-sdk/download/@tbmp/mp-cloud-sdk-1.4.1.tgz",
      "integrity": "sha1-2y9tanEKqWjGd2YMYtjaSjqryd0="
    },
    "mini-antui": {
      "version": "0.4.35",
      "resolved": "https://registry.npm.taobao.org/mini-antui/download/mini-antui-0.4.35.tgz",
      "integrity": "sha1-4y2N8cZKxVj4Rx2y5GBzsg3k3Sw="
    }
  }
}
